Microsoft Visual Studio Solution File, Format Version 12.00
# Visual Studio Version 17
VisualStudioVersion = 17.5.2.0
MinimumVisualStudioVersion = 10.0.40219.1
Project("{FAE04EC0-301F-11D3-BF4B-00C04F79EFBC}") = "Gunslinger_Game", "Gunslinger_Game\Gunslinger_Game.csproj", "{DAC59AF9-F7EF-6A26-1707-5B9476748D04}"
EndProject
Global
	GlobalSection(SolutionConfigurationPlatforms) = preSolution
		Debug|Any CPU = Debug|Any CPU
		Release|Any CPU = Release|Any CPU
	EndGlobalSection
	GlobalSection(ProjectConfigurationPlatforms) = postSolution
		{DAC59AF9-F7EF-6A26-1707-5B9476748D04}.Debug|Any CPU.ActiveCfg = Debug|Any CPU
		{DAC59AF9-F7EF-6A26-1707-5B9476748D04}.Debug|Any CPU.Build.0 = Debug|Any CPU
		{DAC59AF9-F7EF-6A26-1707-5B9476748D04}.Release|Any CPU.ActiveCfg = Release|Any CPU
		{DAC59AF9-F7EF-6A26-1707-5B9476748D04}.Release|Any CPU.Build.0 = Release|Any CPU
	EndGlobalSection
	GlobalSection(SolutionProperties) = preSolution
		HideSolutionNode = FALSE
	EndGlobalSection
	GlobalSection(ExtensibilityGlobals) = postSolution
		SolutionGuid = {B98A094F-5FD2-4664-957A-71915B3750E0}
	EndGlobalSection
EndGlobal
